// !$*UTF8*$!
{
	archiveVersion = 1;
	classes = {
	};
	objectVersion = 46;
	objects = {

/* Begin PBXBuildFile section */
		87FDE96B1C233C3300F2F6F3 /* AppDelegate.swift in Sources */ = {isa = PBXBuildFile; fileRef = 87FDE96A1C233C3300F2F6F3 /* AppDelegate.swift */; };
		87FDE96D1C233C3300F2F6F3 /* ViewController.swift in Sources */ = {isa = PBXBuildFile; fileRef = 87FDE96C1C233C3300F2F6F3 /* ViewController.swift */; };
		87FDE9701C233C3300F2F6F3 /* Main.storyboard in Resources */ = {isa = PBXBuildFile; fileRef = 87FDE96E1C233C3300F2F6F3 /* Main.storyboard */; };
		87FDE9721C233C3300F2F6F3 /* Images.xcassets in Resources */ = {isa = PBXBuildFile; fileRef = 87FDE9711C233C3300F2F6F3 /* Images.xcassets */; };
		87FDE9751C233C3300F2F6F3 /* LaunchScreen.xib in Resources */ = {isa = PBXBuildFile; fileRef = 87FDE9731C233C3300F2F6F3 /* LaunchScreen.xib */; };
		87FDE9811C233C3300F2F6F3 /* tipsTests.swift in Sources */ = {isa = PBXBuildFile; fileRef = 87FDE9801C233C3300F2F6F3 /* tipsTests.swift */; };
		87FDE98D1C23579600F2F6F3 /* SettingsViewController.swift in Sources */ = {isa = PBXBuildFile; fileRef = 87FDE98C1C23579600F2F6F3 /* SettingsViewController.swift */; };
/* End PBXBuildFile section */

/* Begin PBXContainerItemProxy section */
		87FDE97B1C233C3300F2F6F3 /* PBXContainerItemProxy */ = {
			isa = PBXContainerItemProxy;
			containerPortal = 87FDE95D1C233C3300F2F6F3 /* Project object */;
			proxyType = 1;
			remoteGlobalIDString = 87FDE9641C233C3300F2F6F3;
			remoteInfo = tips;
		};
/* End PBXContainerItemProxy section */

/* Begin PBXFileReference section */
		87FDE9651C233C3300F2F6F3 /* tips.app */ = {isa = PBXFileReference; explicitFileType = wrapper.application; includeInIndex = 0; path = tips.app; sourceTree = BUILT_PRODUCTS_DIR; };
		87FDE9691C233C3300F2F6F3 /* Info.plist */ = {isa = PBXFileReference; lastKnownFileType = text.plist.xml; path = Info.plist; sourceTree = "<group>"; };
		87FDE96A1C233C3300F2F6F3 /* AppDelegate.swift */ = {isa = PBXFileReference; lastKnownFileType = sourcecode.swift; path = AppDelegate.swift; sourceTree = "<group>"; };
		87FDE96C1C233C3300F2F6F3 /* ViewController.swift */ = {isa = PBXFileReference; lastKnownFileType = sourcecode.swift; path = ViewController.swift; sourceTree = "<group>"; };
		87FDE96F1C233C3300F2F6F3 /* Base */ = {isa = PBXFileReference; lastKnownFileType = file.storyboard; name = Base; path = Base.lproj/Main.storyboard; sourceTree = "<group>"; };
		87FDE9711C233C3300F2F6F3 /* Images.xcassets */ = {isa = PBXFileReference; lastKnownFileType = folder.assetcatalog; path = Images.xcassets; sourceTree = "<group>"; };
		87FDE9741C233C3300F2F6F3 /* Base */ = {isa = PBXFileReference; lastKnownFileType = file.xib; name = Base; path = Base.lproj/LaunchScreen.xib; sourceTree = "<group>"; };
		87FDE97A1C233C3300F2F6F3 /* tipsTests.xctest */ = {isa = PBXFileReference; explicitFileType = wrapper.cfbundle; includeInIndex = 0; path = tipsTests.xctest; sourceTree = BUILT_PRODUCTS_DIR; };
		87FDE97F1C233C3300F2F6F3 /* Info.plist */ = {isa = PBXFileReference; lastKnownFileType = text.plist.xml; path = Info.plist; sourceTree = "<group>"; };
		87FDE9801C233C3300F2F6F3 /* tipsTests.swift */ = {isa = PBXFileReference; lastKnownFileType = sourcecode.swift; path = tipsTests.swift; sourceTree = "<group>"; };
		87FDE98C1C23579600F2F6F3 /* SettingsViewController.swift */ = {isa = PBXFileReference; fileEncoding = 4; lastKnownFileType = sourcecode.swift; path = SettingsViewController.swift; sourceTree = "<group>"; };
/* End PBXFileReference section */

/* Begin PBXFrameworksBuildPhase section */
		87FDE9621C233C3300F2F6F3 /* Frameworks */ = {
			isa = PBXFrameworksBuildPhase;
			buildActionMask = 2147483647;
			files = (
			);
			runOnlyForDeploymentPostprocessing = 0;
		};
		87FDE9771C233C3300F2F6F3 /* Frameworks */ = {
			isa = PBXFrameworksBuildPhase;
			buildActionMask = 2147483647;
			files = (
			);
			runOnlyForDeploymentPostprocessing = 0;
		};
/* End PBXFrameworksBuildPhase section */

/* Begin PBXGroup section */
		87FDE95C1C233C3300F2F6F3 = {
			isa = PBXGroup;
			children = (
				87FDE9671C233C3300F2F6F3 /* tips */,
				87FDE97D1C233C3300F2F6F3 /* tipsTests */,
				87FDE9661C233C3300F2F6F3 /* Products */,
			);
			sourceTree = "<group>";
		};
		87FDE9661C233C3300F2F6F3 /* Products */ = {
			isa = PBXGroup;
			children = (
				87FDE9651C233C3300F2F6F3 /* tips.app */,
				87FDE97A1C233C3300F2F6F3 /* tipsTests.xctest */,
			);
			name = Products;
			sourceTree = "<group>";
		};
		87FDE9671C233C3300F2F6F3 /* tips */ = {
			isa = PBXGroup;
			children = (
				87FDE96A1C233C3300F2F6F3 /* AppDelegate.swift */,
				87FDE96C1C233C3300F2F6F3 /* ViewController.swift */,
				87FDE96E1C233C3300F2F6F3 /* Main.storyboard */,
				87FDE9711C233C3300F2F6F3 /* Images.xcassets */,
				87FDE9731C233C3300F2F6F3 /* LaunchScreen.xib */,
				87FDE9681C233C3300F2F6F3 /* Supporting Files */,
				87FDE98C1C23579600F2F6F3 /* SettingsViewController.swift */,
			);
			path = tips;
			sourceTree = "<group>";
		};
		87FDE9681C233C3300F2F6F3 /* Supporting Files */ = {
			isa = PBXGroup;
			children = (
				87FDE9691C233C3300F2F6F3 /* Info.plist */,
			);
			name = "Supporting Files";
			sourceTree = "<group>";
		};
		87FDE97D1C233C3300F2F6F3 /* tipsTests */ = {
			isa = PBXGroup;
			children = (
				87FDE9801C233C3300F2F6F3 /* tipsTests.swift */,
				87FDE97E1C233C3300F2F6F3 /* Supporting Files */,
			);
			path = tipsTests;
			sourceTree = "<group>";
		};
		87FDE97E1C233C3300F2F6F3 /* Supporting Files */ = {
			isa = PBXGroup;
			children = (
				87FDE97F1C233C3300F2F6F3 /* Info.plist */,
			);
			name = "Supporting Files";
			sourceTree = "<group>";
		};
/* End PBXGroup section */

/* Begin PBXNativeTarget section */
		87FDE9641C233C3300F2F6F3 /* tips */ = {
			isa = PBXNativeTarget;
			buildConfigurationList = 87FDE9841C233C3300F2F6F3 /* Build configuration list for PBXNativeTarget "tips" */;
			buildPhases = (
				87FDE9611C233C3300F2F6F3 /* Sources */,
				87FDE9621C233C3300F2F6F3 /* Frameworks */,
				87FDE9631C233C3300F2F6F3 /* Resources */,
			);
			buildRules = (
			);
			dependencies = (
			);
			name = tips;
			productName = tips;
			productReference = 87FDE9651C233C3300F2F6F3 /* tips.app */;
			productType = "com.apple.product-type.application";
		};
		87FDE9791C233C3300F2F6F3 /* tipsTests */ = {
			isa = PBXNativeTarget;
			buildConfigurationList = 87FDE9871C233C3300F2F6F3 /* Build configuration list for PBXNativeTarget "tipsTests" */;
			buildPhases = (
				87FDE9761C233C3300F2F6F3 /* Sources */,
				87FDE9771C233C3300F2F6F3 /* Frameworks */,
				87FDE9781C233C3300F2F6F3 /* Resources */,
			);
			buildRules = (
			);
			dependencies = (
				87FDE97C1C233C3300F2F6F3 /* PBXTargetDependency */,
			);
			name = tipsTests;
			productName = tipsTests;
			productReference = 87FDE97A1C233C3300F2F6F3 /* tipsTests.xctest */;
			productType = "com.apple.product-type.bundle.unit-test";
		};
/* End PBXNativeTarget section */

/* Begin PBXProject section */
		87FDE95D1C233C3300F2F6F3 /* Project object */ = {
			isa = PBXProject;
			attributes = {
				LastUpgradeCheck = 0640;
				ORGANIZATIONNAME = "Broulaye Doumbia";
				TargetAttributes = {
					87FDE9641C233C3300F2F6F3 = {
						CreatedOnToolsVersion = 6.4;
					};
					87FDE9791C233C3300F2F6F3 = {
						CreatedOnToolsVersion = 6.4;
						TestTargetID = 87FDE9641C233C3300F2F6F3;
					};
				};
			};
			buildConfigurationList = 87FDE9601C233C3300F2F6F3 /* Build configuration list for PBXProject "tips" */;
			compatibilityVersion = "Xcode 3.2";
			developmentRegion = English;
			hasScannedForEncodings = 0;
			knownRegions = (
				en,
				Base,
			);
			mainGroup = 87FDE95C1C233C3300F2F6F3;
			productRefGroup = 87FDE9661C233C3300F2F6F3 /* Products */;
			projectDirPath = "";
			projectRoot = "";
			targets = (
				87FDE9641C233C3300F2F6F3 /* tips */,
				87FDE9791C233C3300F2F6F3 /* tipsTests */,
			);
		};
/* End PBXProject section */

/* Begin PBXResourcesBuildPhase section */
		87FDE9631C233C3300F2F6F3 /* Resources */ = {
			isa = PBXResourcesBuildPhase;
			buildActionMask = 2147483647;
			files = (
				87FDE9701C233C3300F2F6F3 /* Main.storyboard in Resources */,
				87FDE9751C233C3300F2F6F3 /* LaunchScreen.xib in Resources */,
				87FDE9721C233C3300F2F6F3 /* Images.xcassets in Resources */,
			);
			runOnlyForDeploymentPostprocessing = 0;
		};
		87FDE9781C233C3300F2F6F3 /* Resources */ = {
			isa = PBXResourcesBuildPhase;
			buildActionMask = 2147483647;
			files = (
			);
			runOnlyForDeploymentPostprocessing = 0;
		};
/* End PBXResourcesBuildPhase section */

/* Begin PBXSourcesBuildPhase section */
		87FDE9611C233C3300F2F6F3 /* Sources */ = {
			isa = PBXSourcesBuildPhase;
			buildActionMask = 2147483647;
			files = (
				87FDE96D1C233C3300F2F6F3 /* ViewController.swift in Sources */,
				87FDE96B1C233C3300F2F6F3 /* AppDelegate.swift in Sources */,
				87FDE98D1C23579600F2F6F3 /* SettingsViewController.swift in Sources */,
			);
			runOnlyForDeploymentPostprocessing = 0;
		};
		87FDE9761C233C3300F2F6F3 /* Sources */ = {
			isa = PBXSourcesBuildPhase;
			buildActionMask = 2147483647;
			files = (
				87FDE9811C233C3300F2F6F3 /* tipsTests.swift in Sources */,
			);
			runOnlyForDeploymentPostprocessing = 0;
		};
/* End PBXSourcesBuildPhase section */

/* Begin PBXTargetDependency section */
		87FDE97C1C233C3300F2F6F3 /* PBXTargetDependency */ = {
			isa = PBXTargetDependency;
			target = 87FDE9641C233C3300F2F6F3 /* tips */;
			targetProxy = 87FDE97B1C233C3300F2F6F3 /* PBXContainerItemProxy */;
		};
/* End PBXTargetDependency section */

/* Begin PBXVariantGroup section */
		87FDE96E1C233C3300F2F6F3 /* Main.storyboard */ = {
			isa = PBXVariantGroup;
			children = (
				87FDE96F1C233C3300F2F6F3 /* Base */,
			);
			name = Main.storyboard;
			sourceTree = "<group>";
		};
		87FDE9731C233C3300F2F6F3 /* LaunchScreen.xib */ = {
			isa = PBXVariantGroup;
			children = (
				87FDE9741C233C3300F2F6F3 /* Base */,
			);
			name = LaunchScreen.xib;
			sourceTree = "<group>";
		};
/* End PBXVariantGroup section */

/* Begin XCBuildConfiguration section */
		87FDE9821C233C3300F2F6F3 /* Debug */ = {
			isa = XCBuildConfiguration;
			buildSettings = {
				ALWAYS_SEARCH_USER_PATHS = NO;
				CLANG_CXX_LANGUAGE_STANDARD = "gnu++0x";
				CLANG_CXX_LIBRARY = "libc++";
				CLANG_ENABLE_MODULES = YES;
				CLANG_ENABLE_OBJC_ARC = YES;
				CLANG_WARN_BOOL_CONVERSION = YES;
				CLANG_WARN_CONSTANT_CONVERSION = YES;
				CLANG_WARN_DIRECT_OBJC_ISA_USAGE = YES_ERROR;
				CLANG_WARN_EMPTY_BODY = YES;
				CLANG_WARN_ENUM_CONVERSION = YES;
				CLANG_WARN_INT_CONVERSION = YES;
				CLANG_WARN_OBJC_ROOT_CLASS = YES_ERROR;
				CLANG_WARN_UNREACHABLE_CODE = YES;
				CLANG_WARN__DUPLICATE_METHOD_MATCH = YES;
				"CODE_SIGN_IDENTITY[sdk=iphoneos*]" = "iPhone Developer";
				COPY_PHASE_STRIP = NO;
				DEBUG_INFORMATION_FORMAT = "dwarf-with-dsym";
				ENABLE_STRICT_OBJC_MSGSEND = YES;
				GCC_C_LANGUAGE_STANDARD = gnu99;
				GCC_DYNAMIC_NO_PIC = NO;
				GCC_NO_COMMON_BLOCKS = YES;
				GCC_OPTIMIZATION_LEVEL = 0;
				GCC_PREPROCESSOR_DEFINITIONS = (
					"DEBUG=1",
					"$(inherited)",
				);
				GCC_SYMBOLS_PRIVATE_EXTERN = NO;
				GCC_WARN_64_TO_32_BIT_CONVERSION = YES;
				GCC_WARN_ABOUT_RETURN_TYPE = YES_ERROR;
				GCC_WARN_UNDECLARED_SELECTOR = YES;
				GCC_WARN_UNINITIALIZED_AUTOS = YES_AGGRESSIVE;
				GCC_WARN_UNUSED_FUNCTION = YES;
				GCC_WARN_UNUSED_VARIABLE = YES;
				IPHONEOS_DEPLOYMENT_TARGET = 8.4;
				MTL_ENABLE_DEBUG_INFO = YES;
				ONLY_ACTIVE_ARCH = YES;
				SDKROOT = iphoneos;
				SWIFT_OPTIMIZATION_LEVEL = "-Onone";
			};
			name = Debug;
		};
		87FDE9831C233C3300F2F6F3 /* Release */ = {
			isa = XCBuildConfiguration;
			buildSettings = {
				ALWAYS_SEARCH_USER_PATHS = NO;
				CLANG_CXX_LANGUAGE_STANDARD = "gnu++0x";
				CLANG_CXX_LIBRARY = "libc++";
				CLANG_ENABLE_MODULES = YES;
				CLANG_ENABLE_OBJC_ARC = YES;
				CLANG_WARN_BOOL_CONVERSION = YES;
				CLANG_WARN_CONSTANT_CONVERSION = YES;
				CLANG_WARN_DIRECT_OBJC_ISA_USAGE = YES_ERROR;
				CLANG_WARN_EMPTY_BODY = YES;
				CLANG_WARN_ENUM_CONVERSION = YES;
				CLANG_WARN_INT_CONVERSION = YES;
				CLANG_WARN_OBJC_ROOT_CLASS = YES_ERROR;
				CLANG_WARN_UNREACHABLE_CODE = YES;
				CLANG_WARN__DUPLICATE_METHOD_MATCH = YES;
				"CODE_SIGN_IDENTITY[sdk=iphoneos*]" = "iPhone Developer";
				COPY_PHASE_STRIP = NO;
				DEBUG_INFORMATION_FORMAT = "dwarf-with-dsym";
				ENABLE_NS_ASSERTIONS = NO;
				ENABLE_STRICT_OBJC_MSGSEND = YES;
				GCC_C_LANGUAGE_STANDARD = gnu99;
				GCC_NO_COMMON_BLOCKS = YES;
				GCC_WARN_64_TO_32_BIT_CONVERSION = YES;
				GCC_WARN_ABOUT_RETURN_TYPE = YES_ERROR;
				GCC_WARN_UNDECLARED_SELECTOR = YES;
				GCC_WARN_UNINITIALIZED_AUTOS = YES_AGGRESSIVE;
				GCC_WARN_UNUSED_FUNCTION = YES;
				GCC_WARN_UNUSED_VARIABLE = YES;
				IPHONEOS_DEPLOYMENT_TARGET = 8.4;
				MTL_ENABLE_DEBUG_INFO = NO;
				SDKROOT = iphoneos;
				VALIDATE_PRODUCT = YES;
			};
			name = Release;
		};
		87FDE9851C233C3300F2F6F3 /* Debug */ = {
			isa = XCBuildConfiguration;
			buildSettings = {
				ASSETCATALOG_COMPILER_APPICON_NAME = AppIcon;
				INFOPLIST_FILE = tips/Info.plist;
				LD_RUNPATH_SEARCH_PATHS = "$(inherited) @executable_path/Frameworks";
				PRODUCT_NAME = "$(TARGET_NAME)";
			};
			name = Debug;
		};
		87FDE9861C233C3300F2F6F3 /* Release */ = {
			isa = XCBuildConfiguration;
			buildSettings = {
				ASSETCATALOG_COMPILER_APPICON_NAME = AppIcon;
				INFOPLIST_FILE = tips/Info.plist;
				LD_RUNPATH_SEARCH_PATHS = "$(inherited) @executable_path/Frameworks";
				PRODUCT_NAME = "$(TARGET_NAME)";
			};
			name = Release;
		};
		87FDE9881C233C3300F2F6F3 /* Debug */ = {
			isa = XCBuildConfiguration;
			buildSettings = {
				BUNDLE_LOADER = "$(TEST_HOST)";
				FRAMEWORK_SEARCH_PATHS = (
					"$(SDKROOT)/Developer/Library/Frameworks",
					"$(inherited)",
				);
				GCC_PREPROCESSOR_DEFINITIONS = (
					"DEBUG=1",
					"$(inherited)",
				);
				INFOPLIST_FILE = tipsTests/Info.plist;
				LD_RUNPATH_SEARCH_PATHS = "$(inherited) @executable_path/Frameworks @loader_path/Frameworks";
				PRODUCT_NAME = "$(TARGET_NAME)";
				TEST_HOST = "$(BUILT_PRODUCTS_DIR)/tips.app/tips";
			};
			name = Debug;
		};
		87FDE9891C233C3300F2F6F3 /* Release */ = {
			isa = XCBuildConfiguration;
			buildSettings = {
				BUNDLE_LOADER = "$(TEST_HOST)";
				FRAMEWORK_SEARCH_PATHS = (
					"$(SDKROOT)/Developer/Library/Frameworks",
					"$(inherited)",
				);
				INFOPLIST_FILE = tipsTests/Info.plist;
				LD_RUNPATH_SEARCH_PATHS = "$(inherited) @executable_path/Frameworks @loader_path/Frameworks";
				PRODUCT_NAME = "$(TARGET_NAME)";
				TEST_HOST = "$(BUILT_PRODUCTS_DIR)/tips.app/tips";
			};
			name = Release;
		};
/* End XCBuildConfiguration section */

/* Begin XCConfigurationList section */
		87FDE9601C233C3300F2F6F3 /* Build configuration list for PBXProject "tips" */ = {
			isa = XCConfigurationList;
			buildConfigurations = (
				87FDE9821C233C3300F2F6F3 /* Debug */,
				87FDE9831C233C3300F2F6F3 /* Release */,
			);
			defaultConfigurationIsVisible = 0;
			defaultConfigurationName = Release;
		};
		87FDE9841C233C3300F2F6F3 /* Build configuration list for PBXNativeTarget "tips" */ = {
			isa = XCConfigurationList;
			buildConfigurations = (
				87FDE9851C233C3300F2F6F3 /* Debug */,
				87FDE9861C233C3300F2F6F3 /* Release */,
			);
			defaultConfigurationIsVisible = 0;
		};
		87FDE9871C233C3300F2F6F3 /* Build configuration list for PBXNativeTarget "tipsTests" */ = {
			isa = XCConfigurationList;
			buildConfigurations = (
				87FDE9881C233C3300F2F6F3 /* Debug */,
				87FDE9891C233C3300F2F6F3 /* Release */,
			);
			defaultConfigurationIsVisible = 0;
		};
/* End XCConfigurationList section */
	};
	rootObject = 87FDE95D1C233C3300F2F6F3 /* Project object */;
}
